
Microsoft Visual Studio Solution File, Format Version 12.00
# Visual Studio Version 17
VisualStudioVersion = 17.12.35527.113 d17.12
MinimumVisualStudioVersion = 10.0.40219.1
Project("{FAE04EC0-301F-11D3-BF4B-00C04F79EFBC}") = "CoursesApi", "CoursesApi\CoursesApi.csproj", "{C23DD313-9924-44FA-A9AE-F82B4B1C95EF}"
EndProject
Global
	GlobalSection(SolutionConfigurationPlatforms) = preSolution
		Debug|Any CPU = Debug|Any CPU
		Release|Any CPU = Release|Any CPU
	EndGlobalSection
	GlobalSection(ProjectConfigurationPlatforms) = postSolution
		{C23DD313-9924-44FA-A9AE-F82B4B1C95EF}.Debug|Any CPU.ActiveCfg = Debug|Any CPU
		{C23DD313-9924-44FA-A9AE-F82B4B1C95EF}.Debug|Any CPU.Build.0 = Debug|Any CPU
		{C23DD313-9924-44FA-A9AE-F82B4B1C95EF}.Release|Any CPU.ActiveCfg = Release|Any CPU
		{C23DD313-9924-44FA-A9AE-F82B4B1C95EF}.Release|Any CPU.Build.0 = Release|Any CPU
	EndGlobalSection
	GlobalSection(SolutionProperties) = preSolution
		HideSolutionNode = FALSE
	EndGlobalSection
EndGlobal
